
Microsoft Visual Studio Solution File, Format Version 12.00
# Blend for Visual Studio Version 16
VisualStudioVersion = 16.0.32002.261
MinimumVisualStudioVersion = 10.0.40219.1
Project("{FAE04EC0-301F-11D3-BF4B-00C04F79EFBC}") = "Task1", "Task1\Task1.csproj", "{2634409D-E52E-4B61-99E9-FCADB1C5A427}"
EndProject
Project("{FAE04EC0-301F-11D3-BF4B-00C04F79EFBC}") = "Task2", "Task2\Task2.csproj", "{D52B4FBC-00AD-42E4-8CBF-36D634B7132C}"
EndProject
Global
	GlobalSection(SolutionConfigurationPlatforms) = preSolution
		Debug|Any CPU = Debug|Any CPU
		Release|Any CPU = Release|Any CPU
	EndGlobalSection
	GlobalSection(ProjectConfigurationPlatforms) = postSolution
		{2634409D-E52E-4B61-99E9-FCADB1C5A427}.Debug|Any CPU.ActiveCfg = Debug|Any CPU
		{2634409D-E52E-4B61-99E9-FCADB1C5A427}.Debug|Any CPU.Build.0 = Debug|Any CPU
		{2634409D-E52E-4B61-99E9-FCADB1C5A427}.Release|Any CPU.ActiveCfg = Release|Any CPU
		{2634409D-E52E-4B61-99E9-FCADB1C5A427}.Release|Any CPU.Build.0 = Release|Any CPU
		{D52B4FBC-00AD-42E4-8CBF-36D634B7132C}.Debug|Any CPU.ActiveCfg = Debug|Any CPU
		{D52B4FBC-00AD-42E4-8CBF-36D634B7132C}.Debug|Any CPU.Build.0 = Debug|Any CPU
		{D52B4FBC-00AD-42E4-8CBF-36D634B7132C}.Release|Any CPU.ActiveCfg = Release|Any CPU
		{D52B4FBC-00AD-42E4-8CBF-36D634B7132C}.Release|Any CPU.Build.0 = Release|Any CPU
	EndGlobalSection
	GlobalSection(SolutionProperties) = preSolution
		HideSolutionNode = FALSE
	EndGlobalSection
	GlobalSection(ExtensibilityGlobals) = postSolution
		SolutionGuid = {4745C748-CBB7-47C9-AC90-6D91FACB06B9}
	EndGlobalSection
EndGlobal
